
Microsoft Visual Studio Solution File, Format Version 12.00
# Visual Studio Version 16
VisualStudioVersion = 16.0.31605.320
MinimumVisualStudioVersion = 10.0.40219.1
Project("{FAE04EC0-301F-11D3-BF4B-00C04F79EFBC}") = "ConsoleApp5", "ConsoleApp5\ConsoleApp5.csproj", "{DA6E5F6A-4CFE-40C3-93CD-C1C6191CD999}"
EndProject
Global
	GlobalSection(SolutionConfigurationPlatforms) = preSolution
		Debug|Any CPU = Debug|Any CPU
		Release|Any CPU = Release|Any CPU
	EndGlobalSection
	GlobalSection(ProjectConfigurationPlatforms) = postSolution
		{DA6E5F6A-4CFE-40C3-93CD-C1C6191CD999}.Debug|Any CPU.ActiveCfg = Debug|Any CPU
		{DA6E5F6A-4CFE-40C3-93CD-C1C6191CD999}.Debug|Any CPU.Build.0 = Debug|Any CPU
		{DA6E5F6A-4CFE-40C3-93CD-C1C6191CD999}.Release|Any CPU.ActiveCfg = Release|Any CPU
		{DA6E5F6A-4CFE-40C3-93CD-C1C6191CD999}.Release|Any CPU.Build.0 = Release|Any CPU
	EndGlobalSection
	GlobalSection(SolutionProperties) = preSolution
		HideSolutionNode = FALSE
	EndGlobalSection
	GlobalSection(ExtensibilityGlobals) = postSolution
		SolutionGuid = {0AEE39CC-C238-4A9F-A0BB-B092D3EBDE9C}
	EndGlobalSection
EndGlobal
